<?xml version="1.0" encoding="utf-8"?>
<Project ToolsVersion="4.0" xmlns="http://schemas.microsoft.com/developer/msbuild/2003">
  <ItemGroup>
    <Filter Include="소스 파일">
      <UniqueIdentifier>{4FC737F1-C7A5-4376-A066-2A32D752A2FF}</UniqueIdentifier>
      <Extensions>cpp;c;cc;cxx;c++;cppm;ixx;def;odl;idl;hpj;bat;asm;asmx</Extensions>
    </Filter>
    <Filter Include="헤더 파일">
      <UniqueIdentifier>{93995380-89BD-4b04-88EB-625FBE52EBFB}</UniqueIdentifier>
      <Extensions>h;hh;hpp;hxx;h++;hm;inl;inc;ipp;xsd</Extensions>
    </Filter>
    <Filter Include="리소스 파일">
      <UniqueIdentifier>{67DA6AB6-F800-4c08-8B7A-83BB121AAD01}</UniqueIdentifier>
      <Extensions>rc;ico;cur;bmp;dlg;rc2;rct;bin;rgs;gif;jpg;jpeg;jpe;resx;tiff;tif;png;wav;mfcribbon-ms</Extensions>
    </Filter>
    <Filter Include="소스 파일\Object">
      <UniqueIdentifier>{668eb20b-81d5-47fe-a725-a51ecceb1299}</UniqueIdentifier>
    </Filter>
    <Filter Include="소스 파일\Object\Camera">
      <UniqueIdentifier>{2a26276e-100f-45d3-a1c2-90024deaf5e4}</UniqueIdentifier>
    </Filter>
    <Filter Include="헤더 파일\Object">
      <UniqueIdentifier>{55553ef6-837a-48bf-be45-e08428a9b406}</UniqueIdentifier>
    </Filter>
    <Filter Include="헤더 파일\Object\Camera">
      <UniqueIdentifier>{c714e61d-60d4-496d-85f3-281fa9c196d0}</UniqueIdentifier>
    </Filter>
  </ItemGroup>
  <ItemGroup>
    <ClCompile Include="dllmain.cpp">
      <Filter>소스 파일</Filter>
    </ClCompile>
    <ClCompile Include="D3D12App.cpp">
      <Filter>소스 파일</Filter>
    </ClCompile>
    <ClCompile Include="BaseCamera.cpp">
      <Filter>소스 파일\Object\Camera</Filter>
    </ClCompile>
    <ClCompile Include="AMovable.cpp">
      <Filter>소스 파일\Object</Filter>
    </ClCompile>
    <ClCompile Include="ARotatable.cpp">
      <Filter>소스 파일\Object</Filter>
    </ClCompile>
  </ItemGroup>
  <ItemGroup>
    <ClInclude Include="D3D12DllHelper.h">
      <Filter>헤더 파일</Filter>
    </ClInclude>
    <ClInclude Include="D3D12App.h">
      <Filter>헤더 파일</Filter>
    </ClInclude>
    <ClInclude Include="BaseCamera.h">
      <Filter>헤더 파일\Object\Camera</Filter>
    </ClInclude>
    <ClInclude Include="IObject.h">
      <Filter>헤더 파일\Object</Filter>
    </ClInclude>
    <ClInclude Include="AControlable.h">
      <Filter>헤더 파일\Object</Filter>
    </ClInclude>
    <ClInclude Include="AController.h">
      <Filter>헤더 파일\Object</Filter>
    </ClInclude>
    <ClInclude Include="AMovable.h">
      <Filter>헤더 파일\Object</Filter>
    </ClInclude>
    <ClInclude Include="ARotatable.h">
      <Filter>헤더 파일\Object</Filter>
    </ClInclude>
    <ClInclude Include="D3D12AppHelper.h">
      <Filter>헤더 파일</Filter>
    </ClInclude>
  </ItemGroup>
  <ItemGroup>
    <None Include="vcpkg.json" />
  </ItemGroup>
</Project>