<?xml version="1.0" encoding="utf-8"?>
<Project ToolsVersion="4.0" xmlns="http://schemas.microsoft.com/developer/msbuild/2003">
  <ItemGroup>
    <Filter Include="소스 파일">
      <UniqueIdentifier>{4FC737F1-C7A5-4376-A066-2A32D752A2FF}</UniqueIdentifier>
      <Extensions>cpp;c;cc;cxx;c++;cppm;ixx;def;odl;idl;hpj;bat;asm;asmx</Extensions>
    </Filter>
    <Filter Include="헤더 파일">
      <UniqueIdentifier>{93995380-89BD-4b04-88EB-625FBE52EBFB}</UniqueIdentifier>
      <Extensions>h;hh;hpp;hxx;h++;hm;inl;inc;ipp;xsd</Extensions>
    </Filter>
    <Filter Include="리소스 파일">
      <UniqueIdentifier>{67DA6AB6-F800-4c08-8B7A-83BB121AAD01}</UniqueIdentifier>
      <Extensions>rc;ico;cur;bmp;dlg;rc2;rct;bin;rgs;gif;jpg;jpeg;jpe;resx;tiff;tif;png;wav;mfcribbon-ms</Extensions>
    </Filter>
    <Filter Include="소스 파일\Object">
      <UniqueIdentifier>{668eb20b-81d5-47fe-a725-a51ecceb1299}</UniqueIdentifier>
    </Filter>
    <Filter Include="소스 파일\Object\Camera">
      <UniqueIdentifier>{2a26276e-100f-45d3-a1c2-90024deaf5e4}</UniqueIdentifier>
    </Filter>
    <Filter Include="헤더 파일\Object">
      <UniqueIdentifier>{55553ef6-837a-48bf-be45-e08428a9b406}</UniqueIdentifier>
    </Filter>
    <Filter Include="헤더 파일\Object\Camera">
      <UniqueIdentifier>{c714e61d-60d4-496d-85f3-281fa9c196d0}</UniqueIdentifier>
    </Filter>
    <Filter Include="소스 파일\Exception">
      <UniqueIdentifier>{6fce7049-14eb-435d-9471-420541b3668d}</UniqueIdentifier>
    </Filter>
    <Filter Include="헤더 파일\Exception">
      <UniqueIdentifier>{b7e772c4-bc02-46f9-9de5-e10d0650132f}</UniqueIdentifier>
    </Filter>
    <Filter Include="소스 파일\Command">
      <UniqueIdentifier>{9a72c9f9-a147-46de-9ce6-b358ab3dca03}</UniqueIdentifier>
    </Filter>
    <Filter Include="헤더 파일\Command">
      <UniqueIdentifier>{5de0f78b-d536-400c-8e1c-efb2d9963165}</UniqueIdentifier>
    </Filter>
    <Filter Include="헤더 파일\Utilities">
      <UniqueIdentifier>{de06c3e2-9e11-4b9a-a9e4-7844821a2697}</UniqueIdentifier>
    </Filter>
    <Filter Include="소스 파일\Utilities">
      <UniqueIdentifier>{a21cb7e3-1d9f-4f50-9595-51e38edf7c97}</UniqueIdentifier>
    </Filter>
    <Filter Include="소스 파일\Graphics">
      <UniqueIdentifier>{0987d250-5be1-49e8-9d8f-4b986eb97a52}</UniqueIdentifier>
    </Filter>
    <Filter Include="헤더 파일\Graphics">
      <UniqueIdentifier>{174372bf-58a4-48e1-8c06-47fcbf44efcd}</UniqueIdentifier>
    </Filter>
    <Filter Include="소스 파일\Frame">
      <UniqueIdentifier>{13b9b72e-4e35-49c9-94f9-49d4b20faffd}</UniqueIdentifier>
    </Filter>
    <Filter Include="헤더 파일\Frame">
      <UniqueIdentifier>{f0360f42-6620-4840-91b1-ef57fba926b7}</UniqueIdentifier>
    </Filter>
    <Filter Include="소스 파일\Stage">
      <UniqueIdentifier>{fbe52827-84ed-47ab-b85c-8845d1eca0eb}</UniqueIdentifier>
    </Filter>
    <Filter Include="헤더 파일\Stage">
      <UniqueIdentifier>{71c84d17-9f5d-4d16-a2a9-c3bb1cb9d4a9}</UniqueIdentifier>
    </Filter>
    <Filter Include="헤더 파일\Object\Controller">
      <UniqueIdentifier>{1f5b6d51-cdcb-4a30-a779-ead778fd3d60}</UniqueIdentifier>
    </Filter>
    <Filter Include="헤더 파일\Resources">
      <UniqueIdentifier>{857a7d50-5a58-4ecd-b539-9620389a49e9}</UniqueIdentifier>
    </Filter>
    <Filter Include="소스 파일\Resources">
      <UniqueIdentifier>{205a642d-94e0-455e-8320-82c239dffbd3}</UniqueIdentifier>
    </Filter>
    <Filter Include="헤더 파일\Utilities\Lock-Free">
      <UniqueIdentifier>{53ad100a-255b-4545-81cc-cdc5f6a46267}</UniqueIdentifier>
    </Filter>
  </ItemGroup>
  <ItemGroup>
    <ClCompile Include="dllmain.cpp">
      <Filter>소스 파일</Filter>
    </ClCompile>
    <ClCompile Include="D3D12App.cpp">
      <Filter>소스 파일</Filter>
    </ClCompile>
    <ClCompile Include="BaseCamera.cpp">
      <Filter>소스 파일\Object\Camera</Filter>
    </ClCompile>
    <ClCompile Include="SystemTime.cpp">
      <Filter>소스 파일</Filter>
    </ClCompile>
    <ClCompile Include="Win32Exception.cpp">
      <Filter>소스 파일\Exception</Filter>
    </ClCompile>
    <ClCompile Include="HResultException.cpp">
      <Filter>소스 파일\Exception</Filter>
    </ClCompile>
    <ClCompile Include="D3D12Exception.cpp">
      <Filter>소스 파일\Exception</Filter>
    </ClCompile>
    <ClCompile Include="CriticalSectionLock.cpp">
      <Filter>소스 파일\Utilities</Filter>
    </ClCompile>
    <ClCompile Include="CommandContext.cpp">
      <Filter>소스 파일\Command</Filter>
    </ClCompile>
    <ClCompile Include="QueueContext.cpp">
      <Filter>소스 파일\Command</Filter>
    </ClCompile>
    <ClCompile Include="SwapchainContext.cpp">
      <Filter>소스 파일\Graphics</Filter>
    </ClCompile>
    <ClCompile Include="AGraphicsPass.cpp">
      <Filter>소스 파일\Stage</Filter>
    </ClCompile>
    <ClCompile Include="MultiThreadingHelper.cpp">
      <Filter>소스 파일\Utilities</Filter>
    </ClCompile>
    <ClCompile Include="AGraphicsStage.cpp">
      <Filter>소스 파일\Stage</Filter>
    </ClCompile>
    <ClCompile Include="AGraphicsGraph.cpp">
      <Filter>소스 파일\Stage</Filter>
    </ClCompile>
    <ClCompile Include="PassTaskManager.cpp">
      <Filter>소스 파일\Stage</Filter>
    </ClCompile>
    <ClCompile Include="AObject.cpp">
      <Filter>소스 파일\Object</Filter>
    </ClCompile>
    <ClCompile Include="SceneObject.cpp">
      <Filter>소스 파일\Object</Filter>
    </ClCompile>
    <ClCompile Include="ObjectHelper.cpp">
      <Filter>소스 파일\Object</Filter>
    </ClCompile>
    <ClCompile Include="TransformManager.cpp">
      <Filter>소스 파일\Resources</Filter>
    </ClCompile>
    <ClCompile Include="DescriptorHelper.cpp">
      <Filter>소스 파일\Resources</Filter>
    </ClCompile>
    <ClCompile Include="CommandContextPool.cpp">
      <Filter>소스 파일\Resources</Filter>
    </ClCompile>
    <ClCompile Include="ResourceManager.cpp">
      <Filter>소스 파일\Resources</Filter>
    </ClCompile>
    <ClCompile Include="GpuResourceHandle.cpp">
      <Filter>소스 파일\Resources</Filter>
    </ClCompile>
    <ClCompile Include="ResourceHandle.cpp">
      <Filter>소스 파일\Resources</Filter>
    </ClCompile>
  </ItemGroup>
  <ItemGroup>
    <ClInclude Include="D3D12DllHelper.h">
      <Filter>헤더 파일</Filter>
    </ClInclude>
    <ClInclude Include="D3D12App.h">
      <Filter>헤더 파일</Filter>
    </ClInclude>
    <ClInclude Include="BaseCamera.h">
      <Filter>헤더 파일\Object\Camera</Filter>
    </ClInclude>
    <ClInclude Include="AObject.h">
      <Filter>헤더 파일\Object</Filter>
    </ClInclude>
    <ClInclude Include="D3D12AppHelper.h">
      <Filter>헤더 파일</Filter>
    </ClInclude>
    <ClInclude Include="SystemTime.h">
      <Filter>헤더 파일</Filter>
    </ClInclude>
    <ClInclude Include="Win32Exception.h">
      <Filter>헤더 파일\Exception</Filter>
    </ClInclude>
    <ClInclude Include="HResultException.h">
      <Filter>헤더 파일\Exception</Filter>
    </ClInclude>
    <ClInclude Include="AD3D12Exception.h">
      <Filter>헤더 파일\Exception</Filter>
    </ClInclude>
    <ClInclude Include="D3D12Exception.h">
      <Filter>헤더 파일\Exception</Filter>
    </ClInclude>
    <ClInclude Include="CriticalSectionLock.h">
      <Filter>헤더 파일\Utilities</Filter>
    </ClInclude>
    <ClInclude Include="CommandContext.h">
      <Filter>헤더 파일\Command</Filter>
    </ClInclude>
    <ClInclude Include="QueueContext.h">
      <Filter>헤더 파일\Command</Filter>
    </ClInclude>
    <ClInclude Include="SwapchainContext.h">
      <Filter>헤더 파일\Graphics</Filter>
    </ClInclude>
    <ClInclude Include="AGraphicsPass.h">
      <Filter>헤더 파일\Stage</Filter>
    </ClInclude>
    <ClInclude Include="MultiThreadingHelper.h">
      <Filter>헤더 파일\Utilities</Filter>
    </ClInclude>
    <ClInclude Include="AGraphicsStage.h">
      <Filter>헤더 파일\Stage</Filter>
    </ClInclude>
    <ClInclude Include="AGraphicsGraph.h">
      <Filter>헤더 파일\Stage</Filter>
    </ClInclude>
    <ClInclude Include="PassTaskManager.h">
      <Filter>헤더 파일\Stage</Filter>
    </ClInclude>
    <ClInclude Include="SceneObject.h">
      <Filter>헤더 파일\Object</Filter>
    </ClInclude>
    <ClInclude Include="AController.h">
      <Filter>헤더 파일\Object\Controller</Filter>
    </ClInclude>
    <ClInclude Include="AControlable.h">
      <Filter>헤더 파일\Object\Controller</Filter>
    </ClInclude>
    <ClInclude Include="ObjectHelper.h">
      <Filter>헤더 파일\Utilities</Filter>
    </ClInclude>
    <ClInclude Include="TransformManager.h">
      <Filter>헤더 파일\Resources</Filter>
    </ClInclude>
    <ClInclude Include="DescriptorHelper.h">
      <Filter>헤더 파일\Resources</Filter>
    </ClInclude>
    <ClInclude Include="CommandContextPool.h">
      <Filter>헤더 파일\Resources</Filter>
    </ClInclude>
    <ClInclude Include="ResourceManager.h">
      <Filter>헤더 파일\Resources</Filter>
    </ClInclude>
    <ClInclude Include="GpuResourceHandle.h">
      <Filter>헤더 파일\Resources</Filter>
    </ClInclude>
    <ClInclude Include="ResourceHandle.h">
      <Filter>헤더 파일\Resources</Filter>
    </ClInclude>
    <ClInclude Include="LockfreeRingBuffer.h">
      <Filter>헤더 파일\Utilities\Lock-Free</Filter>
    </ClInclude>
    <ClInclude Include="LockfreeArray.h">
      <Filter>헤더 파일\Utilities\Lock-Free</Filter>
    </ClInclude>
  </ItemGroup>
  <ItemGroup>
    <None Include="vcpkg.json" />
  </ItemGroup>
</Project>